{
  "version": 4,
  "terraform_version": "0.13.0",
  "serial": 1,
  "lineage": "170efef2-b518-806e-fcfa-ca7568fb1157",
  "outputs": {},
  "resources": [
    {
      "mode": "managed",
      "type": "bitbucket_repository",
      "name": "test_repo",
      "provider": "provider[\"registry.terraform.io/terraform-providers/bitbucket\"]",
      "instances": [
        {
          "status": "tainted",
          "schema_version": 0,
          "attributes": {
            "clone_https": "https://jtb91594@bitbucket.org/jtb91594/bar_app.git",
            "clone_ssh": "git@bitbucket.org:jtb91594/bar_app.git",
            "description": "",
            "fork_policy": "allow_forks",
            "has_issues": false,
            "has_wiki": false,
            "id": "jtb91594/bar_app",
            "is_private": true,
            "language": "",
            "name": "bar_app",
            "owner": "jtb91594",
            "pipelines_enabled": false,
            "project_key": "BARPROJ",
            "scm": "git",
            "slug": "bar_app",
            "website": ""
          },
          "private": "bnVsbA=="
        }
      ]
    }
  ]
}
